
Microsoft Visual Studio Solution File, Format Version 12.00
# Visual Studio Version 17
VisualStudioVersion = 17.5.002.0
MinimumVisualStudioVersion = 10.0.40219.1
Project("{9A19103F-16F7-4668-BE54-9A1E7A4F7556}") = "poc", "poc.csproj", "{A1DE6E23-1103-4700-93FC-2FD596FFFE60}"
EndProject
Global
	GlobalSection(SolutionConfigurationPlatforms) = preSolution
		Debug|Any CPU = Debug|Any CPU
		Release|Any CPU = Release|Any CPU
	EndGlobalSection
	GlobalSection(ProjectConfigurationPlatforms) = postSolution
		{A1DE6E23-1103-4700-93FC-2FD596FFFE60}.Debug|Any CPU.ActiveCfg = Debug|Any CPU
		{A1DE6E23-1103-4700-93FC-2FD596FFFE60}.Debug|Any CPU.Build.0 = Debug|Any CPU
		{A1DE6E23-1103-4700-93FC-2FD596FFFE60}.Release|Any CPU.ActiveCfg = Release|Any CPU
		{A1DE6E23-1103-4700-93FC-2FD596FFFE60}.Release|Any CPU.Build.0 = Release|Any CPU
	EndGlobalSection
	GlobalSection(SolutionProperties) = preSolution
		HideSolutionNode = FALSE
	EndGlobalSection
	GlobalSection(ExtensibilityGlobals) = postSolution
		SolutionGuid = {F5ED2C23-0D30-4DBB-95B6-78229691E5EA}
	EndGlobalSection
EndGlobal
